
Microsoft Visual Studio Solution File, Format Version 12.00
# Visual Studio Version 16
VisualStudioVersion = 16.0.30225.117
MinimumVisualStudioVersion = 10.0.40219.1
Project("{FAE04EC0-301F-11D3-BF4B-00C04F79EFBC}") = "TurbineCalculator", "Turbine Calculator\TurbineCalculator.csproj", "{16284B72-36C7-4B47-8A1A-DC4E43F2248D}"
EndProject
Global
	GlobalSection(SolutionConfigurationPlatforms) = preSolution
		Debug|Any CPU = Debug|Any CPU
		Release|Any CPU = Release|Any CPU
	EndGlobalSection
	GlobalSection(ProjectConfigurationPlatforms) = postSolution
		{16284B72-36C7-4B47-8A1A-DC4E43F2248D}.Debug|Any CPU.ActiveCfg = Debug|Any CPU
		{16284B72-36C7-4B47-8A1A-DC4E43F2248D}.Debug|Any CPU.Build.0 = Debug|Any CPU
		{16284B72-36C7-4B47-8A1A-DC4E43F2248D}.Release|Any CPU.ActiveCfg = Release|Any CPU
		{16284B72-36C7-4B47-8A1A-DC4E43F2248D}.Release|Any CPU.Build.0 = Release|Any CPU
	EndGlobalSection
	GlobalSection(SolutionProperties) = preSolution
		HideSolutionNode = FALSE
	EndGlobalSection
	GlobalSection(ExtensibilityGlobals) = postSolution
		SolutionGuid = {C1AF67D0-A19D-41B2-BBF3-B013001859F9}
	EndGlobalSection
EndGlobal
